
Microsoft Visual Studio Solution File, Format Version 12.00
# Visual Studio Version 17
VisualStudioVersion = 17.9.34607.119
MinimumVisualStudioVersion = 10.0.40219.1
Project("{2150E333-8FDC-42A3-9474-1A3956D46DE8}") = "Products", "Products", "{3501A52B-9044-4E15-B378-AB3776B684F0}"
EndProject
Project("{2150E333-8FDC-42A3-9474-1A3956D46DE8}") = "Application", "Application", "{201232C0-9BD6-40B4-861C-8FD1E84C80FC}"
EndProject
Project("{2150E333-8FDC-42A3-9474-1A3956D46DE8}") = "Domain", "Domain", "{33A360EC-C0B0-4C5A-9490-5BFB5DC16A8E}"
EndProject
Project("{2150E333-8FDC-42A3-9474-1A3956D46DE8}") = "Infrastructure", "Infrastructure", "{542ACA5A-CFDB-4D98-9A15-2CCB960F5989}"
EndProject
Project("{2150E333-8FDC-42A3-9474-1A3956D46DE8}") = "Web", "Web", "{27EC838E-6C21-4831-844D-F6182FBF1181}"
EndProject
Project("{2150E333-8FDC-42A3-9474-1A3956D46DE8}") = "Tests", "Tests", "{F12B7281-4880-4DFE-98B7-3BF4AA196ABC}"
EndProject
Project("{2150E333-8FDC-42A3-9474-1A3956D46DE8}") = "Api", "Api", "{68F0CDDC-E3E0-4DBA-9E24-BC5179523B12}"
EndProject
Project("{FAE04EC0-301F-11D3-BF4B-00C04F79EFBC}") = "Wake.Products.Application", "products\application\Wake.Products.Application\Wake.Products.Application.csproj", "{6F4C28D7-7C57-419F-A802-450ACC539D61}"
EndProject
Project("{FAE04EC0-301F-11D3-BF4B-00C04F79EFBC}") = "Wake.Products.Domain", "products\domain\Wake.Products.Domain\Wake.Products.Domain.csproj", "{01C582EA-463D-4EF8-8511-91B7E056FBA7}"
EndProject
Project("{FAE04EC0-301F-11D3-BF4B-00C04F79EFBC}") = "Wake.Products.Data", "products\infrastructure\Wake.Products.Data\Wake.Products.Data.csproj", "{665F0516-F652-482D-8B57-04924ED685D5}"
EndProject
Project("{FAE04EC0-301F-11D3-BF4B-00C04F79EFBC}") = "Wake.Products.UnitTests", "products\tests\Wake.Products.UnitTests\Wake.Products.UnitTests.csproj", "{1678FAB6-DE38-46FA-8896-B6146876F435}"
EndProject
Project("{FAE04EC0-301F-11D3-BF4B-00C04F79EFBC}") = "Wake.Products.IntegrationTests", "products\tests\Wake.Products.IntegrationTests\Wake.Products.IntegrationTests.csproj", "{8834FEB8-CAFA-4841-9ABC-0D186E97631C}"
EndProject
Project("{FAE04EC0-301F-11D3-BF4B-00C04F79EFBC}") = "Wake.Products.API", "products\web\api\Wake.Products.API\Wake.Products.API.csproj", "{D5C8C9EC-878D-4DAA-87D4-E1FD9401B940}"
EndProject
Global
	GlobalSection(SolutionConfigurationPlatforms) = preSolution
		Debug|Any CPU = Debug|Any CPU
		Release|Any CPU = Release|Any CPU
	EndGlobalSection
	GlobalSection(ProjectConfigurationPlatforms) = postSolution
		{6F4C28D7-7C57-419F-A802-450ACC539D61}.Debug|Any CPU.ActiveCfg = Debug|Any CPU
		{6F4C28D7-7C57-419F-A802-450ACC539D61}.Debug|Any CPU.Build.0 = Debug|Any CPU
		{6F4C28D7-7C57-419F-A802-450ACC539D61}.Release|Any CPU.ActiveCfg = Release|Any CPU
		{6F4C28D7-7C57-419F-A802-450ACC539D61}.Release|Any CPU.Build.0 = Release|Any CPU
		{01C582EA-463D-4EF8-8511-91B7E056FBA7}.Debug|Any CPU.ActiveCfg = Debug|Any CPU
		{01C582EA-463D-4EF8-8511-91B7E056FBA7}.Debug|Any CPU.Build.0 = Debug|Any CPU
		{01C582EA-463D-4EF8-8511-91B7E056FBA7}.Release|Any CPU.ActiveCfg = Release|Any CPU
		{01C582EA-463D-4EF8-8511-91B7E056FBA7}.Release|Any CPU.Build.0 = Release|Any CPU
		{665F0516-F652-482D-8B57-04924ED685D5}.Debug|Any CPU.ActiveCfg = Debug|Any CPU
		{665F0516-F652-482D-8B57-04924ED685D5}.Debug|Any CPU.Build.0 = Debug|Any CPU
		{665F0516-F652-482D-8B57-04924ED685D5}.Release|Any CPU.ActiveCfg = Release|Any CPU
		{665F0516-F652-482D-8B57-04924ED685D5}.Release|Any CPU.Build.0 = Release|Any CPU
		{1678FAB6-DE38-46FA-8896-B6146876F435}.Debug|Any CPU.ActiveCfg = Debug|Any CPU
		{1678FAB6-DE38-46FA-8896-B6146876F435}.Debug|Any CPU.Build.0 = Debug|Any CPU
		{1678FAB6-DE38-46FA-8896-B6146876F435}.Release|Any CPU.ActiveCfg = Release|Any CPU
		{1678FAB6-DE38-46FA-8896-B6146876F435}.Release|Any CPU.Build.0 = Release|Any CPU
		{8834FEB8-CAFA-4841-9ABC-0D186E97631C}.Debug|Any CPU.ActiveCfg = Debug|Any CPU
		{8834FEB8-CAFA-4841-9ABC-0D186E97631C}.Debug|Any CPU.Build.0 = Debug|Any CPU
		{8834FEB8-CAFA-4841-9ABC-0D186E97631C}.Release|Any CPU.ActiveCfg = Release|Any CPU
		{8834FEB8-CAFA-4841-9ABC-0D186E97631C}.Release|Any CPU.Build.0 = Release|Any CPU
		{D5C8C9EC-878D-4DAA-87D4-E1FD9401B940}.Debug|Any CPU.ActiveCfg = Debug|Any CPU
		{D5C8C9EC-878D-4DAA-87D4-E1FD9401B940}.Debug|Any CPU.Build.0 = Debug|Any CPU
		{D5C8C9EC-878D-4DAA-87D4-E1FD9401B940}.Release|Any CPU.ActiveCfg = Release|Any CPU
		{D5C8C9EC-878D-4DAA-87D4-E1FD9401B940}.Release|Any CPU.Build.0 = Release|Any CPU
	EndGlobalSection
	GlobalSection(SolutionProperties) = preSolution
		HideSolutionNode = FALSE
	EndGlobalSection
	GlobalSection(NestedProjects) = preSolution
		{201232C0-9BD6-40B4-861C-8FD1E84C80FC} = {3501A52B-9044-4E15-B378-AB3776B684F0}
		{33A360EC-C0B0-4C5A-9490-5BFB5DC16A8E} = {3501A52B-9044-4E15-B378-AB3776B684F0}
		{542ACA5A-CFDB-4D98-9A15-2CCB960F5989} = {3501A52B-9044-4E15-B378-AB3776B684F0}
		{27EC838E-6C21-4831-844D-F6182FBF1181} = {3501A52B-9044-4E15-B378-AB3776B684F0}
		{F12B7281-4880-4DFE-98B7-3BF4AA196ABC} = {3501A52B-9044-4E15-B378-AB3776B684F0}
		{68F0CDDC-E3E0-4DBA-9E24-BC5179523B12} = {27EC838E-6C21-4831-844D-F6182FBF1181}
		{6F4C28D7-7C57-419F-A802-450ACC539D61} = {201232C0-9BD6-40B4-861C-8FD1E84C80FC}
		{01C582EA-463D-4EF8-8511-91B7E056FBA7} = {33A360EC-C0B0-4C5A-9490-5BFB5DC16A8E}
		{665F0516-F652-482D-8B57-04924ED685D5} = {542ACA5A-CFDB-4D98-9A15-2CCB960F5989}
		{1678FAB6-DE38-46FA-8896-B6146876F435} = {F12B7281-4880-4DFE-98B7-3BF4AA196ABC}
		{8834FEB8-CAFA-4841-9ABC-0D186E97631C} = {F12B7281-4880-4DFE-98B7-3BF4AA196ABC}
		{D5C8C9EC-878D-4DAA-87D4-E1FD9401B940} = {68F0CDDC-E3E0-4DBA-9E24-BC5179523B12}
	EndGlobalSection
	GlobalSection(ExtensibilityGlobals) = postSolution
		SolutionGuid = {91A85739-6ECF-4897-9EBE-04E4E29C7289}
	EndGlobalSection
EndGlobal
